
Microsoft Visual Studio Solution File, Format Version 12.00
# Visual Studio Version 17
VisualStudioVersion = 17.1.32127.271
MinimumVisualStudioVersion = 10.0.40219.1
Project("{FAE04EC0-301F-11D3-BF4B-00C04F79EFBC}") = "Site", "Site\Site.csproj", "{F780074C-4EE1-443A-B333-156A8F8382FC}"
EndProject
Global
	GlobalSection(SolutionConfigurationPlatforms) = preSolution
		Debug|Any CPU = Debug|Any CPU
		Release|Any CPU = Release|Any CPU
	EndGlobalSection
	GlobalSection(ProjectConfigurationPlatforms) = postSolution
		{F780074C-4EE1-443A-B333-156A8F8382FC}.Debug|Any CPU.ActiveCfg = Debug|Any CPU
		{F780074C-4EE1-443A-B333-156A8F8382FC}.Debug|Any CPU.Build.0 = Debug|Any CPU
		{F780074C-4EE1-443A-B333-156A8F8382FC}.Release|Any CPU.ActiveCfg = Release|Any CPU
		{F780074C-4EE1-443A-B333-156A8F8382FC}.Release|Any CPU.Build.0 = Release|Any CPU
	EndGlobalSection
	GlobalSection(SolutionProperties) = preSolution
		HideSolutionNode = FALSE
	EndGlobalSection
	GlobalSection(ExtensibilityGlobals) = postSolution
		SolutionGuid = {11B4C18A-BEB9-4A2C-BD45-90425B043B3B}
	EndGlobalSection
EndGlobal
