
Microsoft Visual Studio Solution File, Format Version 12.00
# Visual Studio Version 17
VisualStudioVersion = 17.1.32127.271
MinimumVisualStudioVersion = 10.0.40219.1
Project("{FAE04EC0-301F-11D3-BF4B-00C04F79EFBC}") = "WebApplication1", "WebApplication1\WebApplication1.csproj", "{172DE73C-9F02-429F-B6D7-2DE9D86E9685}"
EndProject
Global
	GlobalSection(SolutionConfigurationPlatforms) = preSolution
		Debug|Any CPU = Debug|Any CPU
		Release|Any CPU = Release|Any CPU
	EndGlobalSection
	GlobalSection(ProjectConfigurationPlatforms) = postSolution
		{172DE73C-9F02-429F-B6D7-2DE9D86E9685}.Debug|Any CPU.ActiveCfg = Debug|Any CPU
		{172DE73C-9F02-429F-B6D7-2DE9D86E9685}.Debug|Any CPU.Build.0 = Debug|Any CPU
		{172DE73C-9F02-429F-B6D7-2DE9D86E9685}.Release|Any CPU.ActiveCfg = Release|Any CPU
		{172DE73C-9F02-429F-B6D7-2DE9D86E9685}.Release|Any CPU.Build.0 = Release|Any CPU
	EndGlobalSection
	GlobalSection(SolutionProperties) = preSolution
		HideSolutionNode = FALSE
	EndGlobalSection
	GlobalSection(ExtensibilityGlobals) = postSolution
		SolutionGuid = {F69BA84F-3F48-4774-8BF2-4BE4568A6F4B}
	EndGlobalSection
EndGlobal
