
Microsoft Visual Studio Solution File, Format Version 12.00
# Visual Studio Version 17
VisualStudioVersion = 17.1.32127.271
MinimumVisualStudioVersion = 10.0.40219.1
Project("{9A19103F-16F7-4668-BE54-9A1E7A4F7556}") = "Web", "Web\Web.csproj", "{A2C36147-7CF5-48E7-AB27-7EACFE0429AB}"
EndProject
Project("{FAE04EC0-301F-11D3-BF4B-00C04F79EFBC}") = "GE", "..\GE\GE.csproj", "{A9F1BE75-58ED-45A1-A245-676B79ED30D6}"
EndProject
Global
	GlobalSection(SolutionConfigurationPlatforms) = preSolution
		Debug|Any CPU = Debug|Any CPU
		Release|Any CPU = Release|Any CPU
	EndGlobalSection
	GlobalSection(ProjectConfigurationPlatforms) = postSolution
		{A2C36147-7CF5-48E7-AB27-7EACFE0429AB}.Debug|Any CPU.ActiveCfg = Debug|Any CPU
		{A2C36147-7CF5-48E7-AB27-7EACFE0429AB}.Debug|Any CPU.Build.0 = Debug|Any CPU
		{A2C36147-7CF5-48E7-AB27-7EACFE0429AB}.Release|Any CPU.ActiveCfg = Release|Any CPU
		{A2C36147-7CF5-48E7-AB27-7EACFE0429AB}.Release|Any CPU.Build.0 = Release|Any CPU
		{A9F1BE75-58ED-45A1-A245-676B79ED30D6}.Debug|Any CPU.ActiveCfg = Debug|Any CPU
		{A9F1BE75-58ED-45A1-A245-676B79ED30D6}.Debug|Any CPU.Build.0 = Debug|Any CPU
		{A9F1BE75-58ED-45A1-A245-676B79ED30D6}.Release|Any CPU.ActiveCfg = Release|Any CPU
		{A9F1BE75-58ED-45A1-A245-676B79ED30D6}.Release|Any CPU.Build.0 = Release|Any CPU
	EndGlobalSection
	GlobalSection(SolutionProperties) = preSolution
		HideSolutionNode = FALSE
	EndGlobalSection
	GlobalSection(ExtensibilityGlobals) = postSolution
		SolutionGuid = {F434ABAC-D206-4E26-9F97-B68ED293508B}
	EndGlobalSection
EndGlobal
